
Microsoft Visual Studio Solution File, Format Version 12.00
# Visual Studio 14
VisualStudioVersion = 14.0.25123.0
MinimumVisualStudioVersion = 10.0.40219.1
Project("{FAE04EC0-301F-11D3-BF4B-00C04F79EFBC}") = "EpicList1", "EpicList1\EpicList1.csproj", "{0DA69657-5478-46CA-9B4B-9C316FF349AE}"
EndProject
Project("{F088123C-0E9E-452A-89E6-6BA2F21D5CAC}") = "ModelingProject1", "ModelingProject1\ModelingProject1.modelproj", "{97B5CC2D-B71D-4171-B535-721060C1BC19}"
EndProject
Global
	GlobalSection(SolutionConfigurationPlatforms) = preSolution
		Debug|Any CPU = Debug|Any CPU
		Debug|ARM = Debug|ARM
		Debug|x64 = Debug|x64
		Debug|x86 = Debug|x86
		Release|Any CPU = Release|Any CPU
		Release|ARM = Release|ARM
		Release|x64 = Release|x64
		Release|x86 = Release|x86
	EndGlobalSection
	GlobalSection(ProjectConfigurationPlatforms) = postSolution
		{0DA69657-5478-46CA-9B4B-9C316FF349AE}.Debug|Any CPU.ActiveCfg = Debug|x86
		{0DA69657-5478-46CA-9B4B-9C316FF349AE}.Debug|ARM.ActiveCfg = Debug|ARM
		{0DA69657-5478-46CA-9B4B-9C316FF349AE}.Debug|ARM.Build.0 = Debug|ARM
		{0DA69657-5478-46CA-9B4B-9C316FF349AE}.Debug|ARM.Deploy.0 = Debug|ARM
		{0DA69657-5478-46CA-9B4B-9C316FF349AE}.Debug|x64.ActiveCfg = Debug|x64
		{0DA69657-5478-46CA-9B4B-9C316FF349AE}.Debug|x64.Build.0 = Debug|x64
		{0DA69657-5478-46CA-9B4B-9C316FF349AE}.Debug|x64.Deploy.0 = Debug|x64
		{0DA69657-5478-46CA-9B4B-9C316FF349AE}.Debug|x86.ActiveCfg = Debug|x86
		{0DA69657-5478-46CA-9B4B-9C316FF349AE}.Debug|x86.Build.0 = Debug|x86
		{0DA69657-5478-46CA-9B4B-9C316FF349AE}.Debug|x86.Deploy.0 = Debug|x86
		{0DA69657-5478-46CA-9B4B-9C316FF349AE}.Release|Any CPU.ActiveCfg = Release|x86
		{0DA69657-5478-46CA-9B4B-9C316FF349AE}.Release|ARM.ActiveCfg = Release|ARM
		{0DA69657-5478-46CA-9B4B-9C316FF349AE}.Release|ARM.Build.0 = Release|ARM
		{0DA69657-5478-46CA-9B4B-9C316FF349AE}.Release|ARM.Deploy.0 = Release|ARM
		{0DA69657-5478-46CA-9B4B-9C316FF349AE}.Release|x64.ActiveCfg = Release|x64
		{0DA69657-5478-46CA-9B4B-9C316FF349AE}.Release|x64.Build.0 = Release|x64
		{0DA69657-5478-46CA-9B4B-9C316FF349AE}.Release|x64.Deploy.0 = Release|x64
		{0DA69657-5478-46CA-9B4B-9C316FF349AE}.Release|x86.ActiveCfg = Release|x86
		{0DA69657-5478-46CA-9B4B-9C316FF349AE}.Release|x86.Build.0 = Release|x86
		{0DA69657-5478-46CA-9B4B-9C316FF349AE}.Release|x86.Deploy.0 = Release|x86
		{97B5CC2D-B71D-4171-B535-721060C1BC19}.Debug|Any CPU.ActiveCfg = Debug|Any CPU
		{97B5CC2D-B71D-4171-B535-721060C1BC19}.Debug|Any CPU.Build.0 = Debug|Any CPU
		{97B5CC2D-B71D-4171-B535-721060C1BC19}.Debug|ARM.ActiveCfg = Debug|Any CPU
		{97B5CC2D-B71D-4171-B535-721060C1BC19}.Debug|ARM.Build.0 = Debug|Any CPU
		{97B5CC2D-B71D-4171-B535-721060C1BC19}.Debug|x64.ActiveCfg = Debug|Any CPU
		{97B5CC2D-B71D-4171-B535-721060C1BC19}.Debug|x64.Build.0 = Debug|Any CPU
		{97B5CC2D-B71D-4171-B535-721060C1BC19}.Debug|x86.ActiveCfg = Debug|Any CPU
		{97B5CC2D-B71D-4171-B535-721060C1BC19}.Debug|x86.Build.0 = Debug|Any CPU
		{97B5CC2D-B71D-4171-B535-721060C1BC19}.Release|Any CPU.ActiveCfg = Release|Any CPU
		{97B5CC2D-B71D-4171-B535-721060C1BC19}.Release|Any CPU.Build.0 = Release|Any CPU
		{97B5CC2D-B71D-4171-B535-721060C1BC19}.Release|ARM.ActiveCfg = Release|Any CPU
		{97B5CC2D-B71D-4171-B535-721060C1BC19}.Release|ARM.Build.0 = Release|Any CPU
		{97B5CC2D-B71D-4171-B535-721060C1BC19}.Release|x64.ActiveCfg = Release|Any CPU
		{97B5CC2D-B71D-4171-B535-721060C1BC19}.Release|x64.Build.0 = Release|Any CPU
		{97B5CC2D-B71D-4171-B535-721060C1BC19}.Release|x86.ActiveCfg = Release|Any CPU
		{97B5CC2D-B71D-4171-B535-721060C1BC19}.Release|x86.Build.0 = Release|Any CPU
	EndGlobalSection
	GlobalSection(SolutionProperties) = preSolution
		HideSolutionNode = FALSE
	EndGlobalSection
EndGlobal
